
Microsoft Visual Studio Solution File, Format Version 12.00
# Visual Studio Version 17
VisualStudioVersion = 17.5.002.0
MinimumVisualStudioVersion = 10.0.40219.1
Project("{9A19103F-16F7-4668-BE54-9A1E7A4F7556}") = "snake", "snake\snake.csproj", "{4BCA4731-69AA-4742-899E-267B5D6ECCB5}"
EndProject
Global
	GlobalSection(SolutionConfigurationPlatforms) = preSolution
		Debug|Any CPU = Debug|Any CPU
		Release|Any CPU = Release|Any CPU
	EndGlobalSection
	GlobalSection(ProjectConfigurationPlatforms) = postSolution
		{4BCA4731-69AA-4742-899E-267B5D6ECCB5}.Debug|Any CPU.ActiveCfg = Debug|Any CPU
		{4BCA4731-69AA-4742-899E-267B5D6ECCB5}.Debug|Any CPU.Build.0 = Debug|Any CPU
		{4BCA4731-69AA-4742-899E-267B5D6ECCB5}.Release|Any CPU.ActiveCfg = Release|Any CPU
		{4BCA4731-69AA-4742-899E-267B5D6ECCB5}.Release|Any CPU.Build.0 = Release|Any CPU
	EndGlobalSection
	GlobalSection(SolutionProperties) = preSolution
		HideSolutionNode = FALSE
	EndGlobalSection
	GlobalSection(ExtensibilityGlobals) = postSolution
		SolutionGuid = {A131376D-EA1D-4BDA-B52A-5E8247025FEC}
	EndGlobalSection
EndGlobal
